# THIS IS AN AUTOGENERATED FILE. DO NOT EDIT THIS FILE DIRECTLY.
# yarn lockfile v1


immer@^9.0.7:
  version "9.0.7"
  resolved "https://registry.yarnpkg.com/immer/-/immer-9.0.7.tgz#b6156bd7db55db7abc73fd2fdadf4e579a701075"
  integrity sha512-KGllzpbamZDvOIxnmJ0jI840g7Oikx58lBPWV0hUh7dtAyZpFqqrBZdKka5GlTwMTZ1Tjc/bKKW4VSFAt6BqMA==
